
Microsoft Visual Studio Solution File, Format Version 12.00
# Visual Studio Version 17
VisualStudioVersion = 17.0.31903.59
MinimumVisualStudioVersion = 10.0.40219.1
Project("{F2A71F9B-5D33-465A-A702-920D77279786}") = "WoofWare.Incremental", "WoofWare.Incremental\WoofWare.Incremental.fsproj", "{F001CA48-1F50-458B-B155-E920B4B0540C}"
EndProject
Project("{F2A71F9B-5D33-465A-A702-920D77279786}") = "WoofWare.Incremental.Test", "WoofWare.Incremental.Test\WoofWare.Incremental.Test.fsproj", "{92306B41-9F45-42ED-AD3B-69B8C9435AAA}"
EndProject
Global
	GlobalSection(SolutionConfigurationPlatforms) = preSolution
		Debug|Any CPU = Debug|Any CPU
		Release|Any CPU = Release|Any CPU
	EndGlobalSection
	GlobalSection(SolutionProperties) = preSolution
		HideSolutionNode = FALSE
	EndGlobalSection
	GlobalSection(ProjectConfigurationPlatforms) = postSolution
		{F001CA48-1F50-458B-B155-E920B4B0540C}.Debug|Any CPU.ActiveCfg = Debug|Any CPU
		{F001CA48-1F50-458B-B155-E920B4B0540C}.Debug|Any CPU.Build.0 = Debug|Any CPU
		{F001CA48-1F50-458B-B155-E920B4B0540C}.Release|Any CPU.ActiveCfg = Release|Any CPU
		{F001CA48-1F50-458B-B155-E920B4B0540C}.Release|Any CPU.Build.0 = Release|Any CPU
		{92306B41-9F45-42ED-AD3B-69B8C9435AAA}.Debug|Any CPU.ActiveCfg = Debug|Any CPU
		{92306B41-9F45-42ED-AD3B-69B8C9435AAA}.Debug|Any CPU.Build.0 = Debug|Any CPU
		{92306B41-9F45-42ED-AD3B-69B8C9435AAA}.Release|Any CPU.ActiveCfg = Release|Any CPU
		{92306B41-9F45-42ED-AD3B-69B8C9435AAA}.Release|Any CPU.Build.0 = Release|Any CPU
	EndGlobalSection
EndGlobal
